
Microsoft Visual Studio Solution File, Format Version 12.00
# Visual Studio Version 16
VisualStudioVersion = 16.0.29418.71
MinimumVisualStudioVersion = 10.0.40219.1
Project("{FAE04EC0-301F-11D3-BF4B-00C04F79EFBC}") = "Proje.Web", "Proje.Web\Proje.Web.csproj", "{7AD7C1CB-4323-4A77-9455-CC6F866A6C94}"
EndProject
Project("{FAE04EC0-301F-11D3-BF4B-00C04F79EFBC}") = "Proje.DataAccess", "Proje.DataAccess\Proje.DataAccess.csproj", "{62CB3F7A-1658-4F5E-B808-1A945023F531}"
EndProject
Project("{FAE04EC0-301F-11D3-BF4B-00C04F79EFBC}") = "Proje.Business", "Proje.Business\Proje.Business.csproj", "{735CB7D8-E149-4C36-BDB5-6F926809495F}"
EndProject
Global
	GlobalSection(SolutionConfigurationPlatforms) = preSolution
		Debug|Any CPU = Debug|Any CPU
		Release|Any CPU = Release|Any CPU
	EndGlobalSection
	GlobalSection(ProjectConfigurationPlatforms) = postSolution
		{7AD7C1CB-4323-4A77-9455-CC6F866A6C94}.Debug|Any CPU.ActiveCfg = Debug|Any CPU
		{7AD7C1CB-4323-4A77-9455-CC6F866A6C94}.Debug|Any CPU.Build.0 = Debug|Any CPU
		{7AD7C1CB-4323-4A77-9455-CC6F866A6C94}.Release|Any CPU.ActiveCfg = Release|Any CPU
		{7AD7C1CB-4323-4A77-9455-CC6F866A6C94}.Release|Any CPU.Build.0 = Release|Any CPU
		{62CB3F7A-1658-4F5E-B808-1A945023F531}.Debug|Any CPU.ActiveCfg = Debug|Any CPU
		{62CB3F7A-1658-4F5E-B808-1A945023F531}.Debug|Any CPU.Build.0 = Debug|Any CPU
		{62CB3F7A-1658-4F5E-B808-1A945023F531}.Release|Any CPU.ActiveCfg = Release|Any CPU
		{62CB3F7A-1658-4F5E-B808-1A945023F531}.Release|Any CPU.Build.0 = Release|Any CPU
		{735CB7D8-E149-4C36-BDB5-6F926809495F}.Debug|Any CPU.ActiveCfg = Debug|Any CPU
		{735CB7D8-E149-4C36-BDB5-6F926809495F}.Debug|Any CPU.Build.0 = Debug|Any CPU
		{735CB7D8-E149-4C36-BDB5-6F926809495F}.Release|Any CPU.ActiveCfg = Release|Any CPU
		{735CB7D8-E149-4C36-BDB5-6F926809495F}.Release|Any CPU.Build.0 = Release|Any CPU
	EndGlobalSection
	GlobalSection(SolutionProperties) = preSolution
		HideSolutionNode = FALSE
	EndGlobalSection
	GlobalSection(ExtensibilityGlobals) = postSolution
		SolutionGuid = {BB43E691-7993-4BF8-AE06-DFC7076095DF}
	EndGlobalSection
EndGlobal
